
Microsoft Visual Studio Solution File, Format Version 12.00
Project("{FAE04EC0-301F-11D3-BF4B-00C04F79EFBC}") = "Demographic", "Demographic\Demographic.csproj", "{2B0B8C90-70A6-46FD-87F7-62445BD3E817}"
EndProject
Project("{FAE04EC0-301F-11D3-BF4B-00C04F79EFBC}") = "Exec", "Exec\Exec.csproj", "{07CA2307-FD41-4C8D-B156-44E67B7E6C7C}"
EndProject
Project("{FAE04EC0-301F-11D3-BF4B-00C04F79EFBC}") = "FileOperations", "FileOperations\FileOperations.csproj", "{438E6972-2AB6-4E09-ADCF-4180CB10D1C9}"
EndProject
Global
	GlobalSection(SolutionConfigurationPlatforms) = preSolution
		Debug|Any CPU = Debug|Any CPU
		Release|Any CPU = Release|Any CPU
	EndGlobalSection
	GlobalSection(ProjectConfigurationPlatforms) = postSolution
		{2B0B8C90-70A6-46FD-87F7-62445BD3E817}.Debug|Any CPU.ActiveCfg = Debug|Any CPU
		{2B0B8C90-70A6-46FD-87F7-62445BD3E817}.Debug|Any CPU.Build.0 = Debug|Any CPU
		{2B0B8C90-70A6-46FD-87F7-62445BD3E817}.Release|Any CPU.ActiveCfg = Release|Any CPU
		{2B0B8C90-70A6-46FD-87F7-62445BD3E817}.Release|Any CPU.Build.0 = Release|Any CPU
		{07CA2307-FD41-4C8D-B156-44E67B7E6C7C}.Debug|Any CPU.ActiveCfg = Debug|Any CPU
		{07CA2307-FD41-4C8D-B156-44E67B7E6C7C}.Debug|Any CPU.Build.0 = Debug|Any CPU
		{07CA2307-FD41-4C8D-B156-44E67B7E6C7C}.Release|Any CPU.ActiveCfg = Release|Any CPU
		{07CA2307-FD41-4C8D-B156-44E67B7E6C7C}.Release|Any CPU.Build.0 = Release|Any CPU
		{438E6972-2AB6-4E09-ADCF-4180CB10D1C9}.Debug|Any CPU.ActiveCfg = Debug|Any CPU
		{438E6972-2AB6-4E09-ADCF-4180CB10D1C9}.Debug|Any CPU.Build.0 = Debug|Any CPU
		{438E6972-2AB6-4E09-ADCF-4180CB10D1C9}.Release|Any CPU.ActiveCfg = Release|Any CPU
		{438E6972-2AB6-4E09-ADCF-4180CB10D1C9}.Release|Any CPU.Build.0 = Release|Any CPU
	EndGlobalSection
EndGlobal
